
Microsoft Visual Studio Solution File, Format Version 12.00
# Visual Studio Version 17
VisualStudioVersion = 17.3.32804.467
MinimumVisualStudioVersion = 10.0.40219.1
Project("{FAE04EC0-301F-11D3-BF4B-00C04F79EFBC}") = "Exercise16", "Exercise16\Exercise16.csproj", "{BD7D5C95-9174-413D-B53C-E919319CAAD5}"
EndProject
Global
	GlobalSection(SolutionConfigurationPlatforms) = preSolution
		Debug|Any CPU = Debug|Any CPU
		Release|Any CPU = Release|Any CPU
	EndGlobalSection
	GlobalSection(ProjectConfigurationPlatforms) = postSolution
		{BD7D5C95-9174-413D-B53C-E919319CAAD5}.Debug|Any CPU.ActiveCfg = Debug|Any CPU
		{BD7D5C95-9174-413D-B53C-E919319CAAD5}.Debug|Any CPU.Build.0 = Debug|Any CPU
		{BD7D5C95-9174-413D-B53C-E919319CAAD5}.Release|Any CPU.ActiveCfg = Release|Any CPU
		{BD7D5C95-9174-413D-B53C-E919319CAAD5}.Release|Any CPU.Build.0 = Release|Any CPU
	EndGlobalSection
	GlobalSection(SolutionProperties) = preSolution
		HideSolutionNode = FALSE
	EndGlobalSection
	GlobalSection(ExtensibilityGlobals) = postSolution
		SolutionGuid = {FC7FBA21-B06F-42CD-A70B-A11055A39DC7}
	EndGlobalSection
EndGlobal
